{
  "version": 4,
  "terraform_version": "1.15.8",
  "serial": 101,
  "lineage": "e62c171d-16ae-3cf6-39bc-721f5429335d",
  "outputs": {},
  "resources": [
    {
      "mode": "managed",
      "type": "aws_ecr_repository",
      "name": "service",
      "provider": "provider[\"registry.terraform.io/hashicorp/aws\"]",
      "instances": [
        {
          "index_key": "retrieval-service",
          "schema_version": 0,
          "attributes": {
            "arn": "arn:aws:ecr:us-east-1:162026158786:repository/meridian-retrieval-service",
            "encryption_configuration": [
              {
                "encryption_type": "AES256",
                "kms_key": ""
              }
            ],
            "force_delete": null,
            "id": "meridian-retrieval-service",
            "image_scanning_configuration": [
              {
                "scan_on_push": true
              }
            ],
            "image_tag_mutability": "MUTABLE",
            "name": "meridian-retrieval-service",
            "registry_id": "162026158786",
            "repository_url": "162026158786.dkr.ecr.us-east-1.amazonaws.com/meridian-retrieval-service",
            "tags": {
              "Project": "meridian",
              "Service": "retrieval-service"
            },
            "tags_all": {
              "Project": "meridian",
              "Service": "retrieval-service"
            },
            "timeouts": null
          },
          "sensitive_attributes": [],
          "identity_schema_version": 0,
          "private": "eyJlMmJmYjczMC1lY2FhLTExZTYtOGY4OC0zNDM2M2JjN2M0YzAiOnsiZGVsZXRlIjoxMjAwMDAwMDAwMDAwfX0="
        }
      ]
    }
  ],
  "check_results": null
}
